{
  "pins" : [
    {
      "identity" : "fortunewheel",
      "kind" : "remoteSourceControl",
      "location" : "https://github.com/sameersyd/FortuneWheel.git",
      "state" : {
        "revision" : "900461e1c22ca70ee0b0e15cf97e3cef4132d84b",
        "version" : "0.1.5"
      }
    },
    {
      "identity" : "lottie-ios",
      "kind" : "remoteSourceControl",
      "location" : "https://github.com/airbnb/lottie-ios.git",
      "state" : {
        "revision" : "7fe8b6f697ae7db4bf0df270119592cb5d502848",
        "version" : "4.4.1"
      }
    },
    {
      "identity" : "simpletoast",
      "kind" : "remoteSourceControl",
      "location" : "https://github.com/sanzaru/SimpleToast.git",
      "state" : {
        "revision" : "8dbc2e7c33cda25c0b2efafd59716cb9820c83eb",
        "version" : "0.8.1"
      }
    }
  ],
  "version" : 2
}
